// !$*UTF8*$!
{
	archiveVersion = 1;
	classes = {
	};
	objectVersion = 48;
	objects = {

/* Begin PBXBuildFile section */
		BA612F4279376393D67C2A99 /* Pods_RchryTests.framework in Frameworks */ = {isa = PBXBuildFile; fileRef = 1590B90AFD3CED9B09886251 /* Pods_RchryTests.framework */; };
		D71E08D61FCEE9A400D9FAA3 /* MessageAlertModalVC.swift in Sources */ = {isa = PBXBuildFile; fileRef = D71E08D51FCEE9A400D9FAA3 /* MessageAlertModalVC.swift */; };
		D71E08D81FCEECA200D9FAA3 /* TargetsVC.swift in Sources */ = {isa = PBXBuildFile; fileRef = D71E08D71FCEECA200D9FAA3 /* TargetsVC.swift */; };
		D71F8E312004F64E0077ECAB /* TargetValidator.swift in Sources */ = {isa = PBXBuildFile; fileRef = D71F8E302004F64E0077ECAB /* TargetValidator.swift */; };
		D71F8E332004FABE0077ECAB /* DatabaseErrorToMessageMapper.swift in Sources */ = {isa = PBXBuildFile; fileRef = D71F8E322004FABE0077ECAB /* DatabaseErrorToMessageMapper.swift */; };
		D71FB5B81FFD32A20085CDDC /* Extensions.swift in Sources */ = {isa = PBXBuildFile; fileRef = D71FB5B71FFD32A20085CDDC /* Extensions.swift */; };
		D71FB5BA1FFD33D30085CDDC /* ScoreCell.swift in Sources */ = {isa = PBXBuildFile; fileRef = D71FB5B91FFD33D30085CDDC /* ScoreCell.swift */; };
		D71FB5BE1FFD3A820085CDDC /* NewTargetVM.swift in Sources */ = {isa = PBXBuildFile; fileRef = D71FB5BD1FFD3A820085CDDC /* NewTargetVM.swift */; };
		D71FB5BF1FFD48330085CDDC /* NewTarget.storyboard in Resources */ = {isa = PBXBuildFile; fileRef = D71FB5C11FFD48330085CDDC /* NewTarget.storyboard */; };
		D733044B1FCDA88F00FE4B8E /* GoogleService-Info.plist in Resources */ = {isa = PBXBuildFile; fileRef = D733044A1FCDA88E00FE4B8E /* GoogleService-Info.plist */; };
		D73528F21FF527B700EDC0FC /* NewTargetVC.swift in Sources */ = {isa = PBXBuildFile; fileRef = D73528F11FF527B700EDC0FC /* NewTargetVC.swift */; };
		D7377D1A1FDEE50A00AEA161 /* ProfileVMTest.swift in Sources */ = {isa = PBXBuildFile; fileRef = D7377D191FDEE50A00AEA161 /* ProfileVMTest.swift */; };
		D7377D1C1FDEE56200AEA161 /* AuthMocks.swift in Sources */ = {isa = PBXBuildFile; fileRef = D7377D1B1FDEE56200AEA161 /* AuthMocks.swift */; };
		D74C39662018BD19006EDBB4 /* SessionVC.swift in Sources */ = {isa = PBXBuildFile; fileRef = D74C39652018BD19006EDBB4 /* SessionVC.swift */; };
		D74C39682018BD33006EDBB4 /* Session.storyboard in Resources */ = {isa = PBXBuildFile; fileRef = D74C39672018BD33006EDBB4 /* Session.storyboard */; };
		D755503920188D9100177A98 /* Dates.swift in Sources */ = {isa = PBXBuildFile; fileRef = D755503820188D9100177A98 /* Dates.swift */; };
		D7572C901FCDA3FD0024DEED /* ProfileVC.swift in Sources */ = {isa = PBXBuildFile; fileRef = D7572C8F1FCDA3FD0024DEED /* ProfileVC.swift */; };
		D7572C941FCDA4ED0024DEED /* ProfileVM.swift in Sources */ = {isa = PBXBuildFile; fileRef = D7572C931FCDA4ED0024DEED /* ProfileVM.swift */; };
		D75D54651FD83740003B3D3F /* AuthErrorToMessageMapper.swift in Sources */ = {isa = PBXBuildFile; fileRef = D75D54641FD83740003B3D3F /* AuthErrorToMessageMapper.swift */; };
		D763A99F1FD84BC3005B8540 /* LoginVMTest.swift in Sources */ = {isa = PBXBuildFile; fileRef = D763A99E1FD84BC3005B8540 /* LoginVMTest.swift */; };
		D766875F2017732C00F9F65B /* NewSessionVC.swift in Sources */ = {isa = PBXBuildFile; fileRef = D766875E2017732C00F9F65B /* NewSessionVC.swift */; };
		D766876220177CE600F9F65B /* NewSessionVM.swift in Sources */ = {isa = PBXBuildFile; fileRef = D766876120177CE600F9F65B /* NewSessionVM.swift */; };
		D76CA94F1FCC622300D8C2AC /* Colors.xcassets in Resources */ = {isa = PBXBuildFile; fileRef = D76CA94E1FCC622300D8C2AC /* Colors.xcassets */; };
		D7709ECE20179CF30080FC22 /* SessionService.swift in Sources */ = {isa = PBXBuildFile; fileRef = D7709ECD20179CF30080FC22 /* SessionService.swift */; };
		D7709ED020179D560080FC22 /* Session.swift in Sources */ = {isa = PBXBuildFile; fileRef = D7709ECF20179D560080FC22 /* Session.swift */; };
		D77496B81FFD0D13001138B8 /* PickAnIconCell.swift in Sources */ = {isa = PBXBuildFile; fileRef = D77496B71FFD0D13001138B8 /* PickAnIconCell.swift */; };
		D778CA801FCD9094001F2D99 /* Amatic-Bold.ttf in Resources */ = {isa = PBXBuildFile; fileRef = D778CA7E1FCD9093001F2D99 /* Amatic-Bold.ttf */; };
		D778CA811FCD9094001F2D99 /* AmaticSC-Regular.ttf in Resources */ = {isa = PBXBuildFile; fileRef = D778CA7F1FCD9093001F2D99 /* AmaticSC-Regular.ttf */; };
		D77ABD4E20178A3300418986 /* GuestCell.swift in Sources */ = {isa = PBXBuildFile; fileRef = D77ABD4D20178A3300418986 /* GuestCell.swift */; };
		D77C86181FE01CD900226CBC /* FacebookAuthServiceTest.swift in Sources */ = {isa = PBXBuildFile; fileRef = D77C86171FE01CD900226CBC /* FacebookAuthServiceTest.swift */; };
		D77C861A1FE042DC00226CBC /* FirebaseAuthServiceTest.swift in Sources */ = {isa = PBXBuildFile; fileRef = D77C86191FE042DC00226CBC /* FirebaseAuthServiceTest.swift */; };
		D77EE5171FCDB83D00FAEDBA /* FirebaseAuthService.swift in Sources */ = {isa = PBXBuildFile; fileRef = D77EE5161FCDB83D00FAEDBA /* FirebaseAuthService.swift */; };
		D7A1FA071FED39E1004DDF50 /* MainVC.swift in Sources */ = {isa = PBXBuildFile; fileRef = D7A1FA061FED39E1004DDF50 /* MainVC.swift */; };
		D7A557B520161C88004F556C /* TargetCell.swift in Sources */ = {isa = PBXBuildFile; fileRef = D7A557B420161C88004F556C /* TargetCell.swift */; };
		D7A557B820161F6D004F556C /* TargetsVM.swift in Sources */ = {isa = PBXBuildFile; fileRef = D7A557B720161F6D004F556C /* TargetsVM.swift */; };
		D7AD33A41FCDB45D00C12112 /* FacebookAuthService.swift in Sources */ = {isa = PBXBuildFile; fileRef = D7AD33A31FCDB45D00C12112 /* FacebookAuthService.swift */; };
		D7AD33A61FCDB4F600C12112 /* SocialAuthService.swift in Sources */ = {isa = PBXBuildFile; fileRef = D7AD33A51FCDB4F600C12112 /* SocialAuthService.swift */; };
		D7B254401FCEF61300976CAD /* Lato-Regular.ttf in Resources */ = {isa = PBXBuildFile; fileRef = D7B2543F1FCEF61300976CAD /* Lato-Regular.ttf */; };
		D7B38D9920120EA800BAD510 /* CommonMessages.swift in Sources */ = {isa = PBXBuildFile; fileRef = D7B38D9820120EA800BAD510 /* CommonMessages.swift */; };
		D7BBC00E2017665A00DC2480 /* NewSession.storyboard in Resources */ = {isa = PBXBuildFile; fileRef = D7BBC00D2017665A00DC2480 /* NewSession.storyboard */; };
		D7BBC0112017671300DC2480 /* Target.storyboard in Resources */ = {isa = PBXBuildFile; fileRef = D7BBC0102017671300DC2480 /* Target.storyboard */; };
		D7BBC0132017678000DC2480 /* TargetVC.swift in Sources */ = {isa = PBXBuildFile; fileRef = D7BBC0122017678000DC2480 /* TargetVC.swift */; };
		D7BBC01620176CE500DC2480 /* TargetVM.swift in Sources */ = {isa = PBXBuildFile; fileRef = D7BBC01520176CE500DC2480 /* TargetVM.swift */; };
		D7BF04D71FFE66A000465C8C /* Target.swift in Sources */ = {isa = PBXBuildFile; fileRef = D7BF04D61FFE66A000465C8C /* Target.swift */; };
		D7C1C4D81FD8471700FA0551 /* Localizable.strings in Resources */ = {isa = PBXBuildFile; fileRef = D7C1C4DA1FD8471700FA0551 /* Localizable.strings */; };
		D7C6F2751FC7163B0032A879 /* AppDelegate.swift in Sources */ = {isa = PBXBuildFile; fileRef = D7C6F2741FC7163B0032A879 /* AppDelegate.swift */; };
		D7C6F2771FC7163B0032A879 /* LoginVC.swift in Sources */ = {isa = PBXBuildFile; fileRef = D7C6F2761FC7163B0032A879 /* LoginVC.swift */; };
		D7C6F27A1FC7163B0032A879 /* Login.storyboard in Resources */ = {isa = PBXBuildFile; fileRef = D7C6F2781FC7163B0032A879 /* Login.storyboard */; };
		D7C6F27C1FC7163B0032A879 /* Assets.xcassets in Resources */ = {isa = PBXBuildFile; fileRef = D7C6F27B1FC7163B0032A879 /* Assets.xcassets */; };
		D7C6F27F1FC7163B0032A879 /* LaunchScreen.storyboard in Resources */ = {isa = PBXBuildFile; fileRef = D7C6F27D1FC7163B0032A879 /* LaunchScreen.storyboard */; };
		D7C7E9101FFE848C003C102D /* TargetsService.swift in Sources */ = {isa = PBXBuildFile; fileRef = D7C7E90F1FFE848C003C102D /* TargetsService.swift */; };
		D7C7E9161FFE956B003C102D /* DatabaseError.swift in Sources */ = {isa = PBXBuildFile; fileRef = D7C7E9151FFE956B003C102D /* DatabaseError.swift */; };
		D7D689381FD57EDC00ABB213 /* MessageAlertModal.storyboard in Resources */ = {isa = PBXBuildFile; fileRef = D7D689361FD57EDC00ABB213 /* MessageAlertModal.storyboard */; };
		D7D6893B1FD57EEF00ABB213 /* Targets.storyboard in Resources */ = {isa = PBXBuildFile; fileRef = D7D689391FD57EEF00ABB213 /* Targets.storyboard */; };
		D7D6893E1FD57EFB00ABB213 /* Profile.storyboard in Resources */ = {isa = PBXBuildFile; fileRef = D7D6893C1FD57EFB00ABB213 /* Profile.storyboard */; };
		D7DFD2DF1FCDB90B00893BEB /* AuthService.swift in Sources */ = {isa = PBXBuildFile; fileRef = D7DFD2DE1FCDB90B00893BEB /* AuthService.swift */; };
		D7DFD2E21FCDBA6D00893BEB /* LoginVM.swift in Sources */ = {isa = PBXBuildFile; fileRef = D7DFD2E11FCDBA6D00893BEB /* LoginVM.swift */; };
		F77259933B6CAA4D7F26EEE6 /* Pods_Rchry.framework in Frameworks */ = {isa = PBXBuildFile; fileRef = F834C40392A847C0E7B56AA3 /* Pods_Rchry.framework */; };
/* End PBXBuildFile section */

/* Begin PBXContainerItemProxy section */
		D7C6F2861FC7163B0032A879 /* PBXContainerItemProxy */ = {
			isa = PBXContainerItemProxy;
			containerPortal = D7C6F2691FC7163B0032A879 /* Project object */;
			proxyType = 1;
			remoteGlobalIDString = D7C6F2701FC7163B0032A879;
			remoteInfo = Rchry;
		};
/* End PBXContainerItemProxy section */

/* Begin PBXFileReference section */
		1590B90AFD3CED9B09886251 /* Pods_RchryTests.framework */ = {isa = PBXFileReference; explicitFileType = wrapper.framework; includeInIndex = 0; path = Pods_RchryTests.framework; sourceTree = BUILT_PRODUCTS_DIR; };
		1C124F3E1702D6D04D88750E /* Pods-Rchry.debug.xcconfig */ = {isa = PBXFileReference; includeInIndex = 1; lastKnownFileType = text.xcconfig; name = "Pods-Rchry.debug.xcconfig"; path = "Pods/Target Support Files/Pods-Rchry/Pods-Rchry.debug.xcconfig"; sourceTree = "<group>"; };
		5BDF93A5376BC52B6C849307 /* Pods-RchryUITests.debug.xcconfig */ = {isa = PBXFileReference; includeInIndex = 1; lastKnownFileType = text.xcconfig; name = "Pods-RchryUITests.debug.xcconfig"; path = "Pods/Target Support Files/Pods-RchryUITests/Pods-RchryUITests.debug.xcconfig"; sourceTree = "<group>"; };
		8331675368C4BD72B7D40057 /* Pods-Rchry.release.xcconfig */ = {isa = PBXFileReference; includeInIndex = 1; lastKnownFileType = text.xcconfig; name = "Pods-Rchry.release.xcconfig"; path = "Pods/Target Support Files/Pods-Rchry/Pods-Rchry.release.xcconfig"; sourceTree = "<group>"; };
		C82D1563AD28DBE6B97FCED7 /* Pods-RchryTests.release.xcconfig */ = {isa = PBXFileReference; includeInIndex = 1; lastKnownFileType = text.xcconfig; name = "Pods-RchryTests.release.xcconfig"; path = "Pods/Target Support Files/Pods-RchryTests/Pods-RchryTests.release.xcconfig"; sourceTree = "<group>"; };
		D71ACA3B1FF3D35500988370 /* hu */ = {isa = PBXFileReference; lastKnownFileType = text.plist.strings; name = hu; path = hu.lproj/Profile.strings; sourceTree = "<group>"; };
		D71E08D51FCEE9A400D9FAA3 /* MessageAlertModalVC.swift */ = {isa = PBXFileReference; lastKnownFileType = sourcecode.swift; path = MessageAlertModalVC.swift; sourceTree = "<group>"; };
		D71E08D71FCEECA200D9FAA3 /* TargetsVC.swift */ = {isa = PBXFileReference; lastKnownFileType = sourcecode.swift; path = TargetsVC.swift; sourceTree = "<group>"; };
		D71F8E302004F64E0077ECAB /* TargetValidator.swift */ = {isa = PBXFileReference; lastKnownFileType = sourcecode.swift; path = TargetValidator.swift; sourceTree = "<group>"; };
		D71F8E322004FABE0077ECAB /* DatabaseErrorToMessageMapper.swift */ = {isa = PBXFileReference; lastKnownFileType = sourcecode.swift; path = DatabaseErrorToMessageMapper.swift; sourceTree = "<group>"; };
		D71FB5B71FFD32A20085CDDC /* Extensions.swift */ = {isa = PBXFileReference; lastKnownFileType = sourcecode.swift; path = Extensions.swift; sourceTree = "<group>"; };
		D71FB5B91FFD33D30085CDDC /* ScoreCell.swift */ = {isa = PBXFileReference; lastKnownFileType = sourcecode.swift; path = ScoreCell.swift; sourceTree = "<group>"; };
		D71FB5BD1FFD3A820085CDDC /* NewTargetVM.swift */ = {isa = PBXFileReference; lastKnownFileType = sourcecode.swift; path = NewTargetVM.swift; sourceTree = "<group>"; };
		D71FB5C21FFD48360085CDDC /* Base */ = {isa = PBXFileReference; lastKnownFileType = file.storyboard; name = Base; path = Base.lproj/NewTarget.storyboard; sourceTree = "<group>"; };
		D733044A1FCDA88E00FE4B8E /* GoogleService-Info.plist */ = {isa = PBXFileReference; fileEncoding = 4; lastKnownFileType = text.plist.xml; path = "GoogleService-Info.plist"; sourceTree = "<group>"; };
		D734C4CC1FD5860000027CDD /* hu */ = {isa = PBXFileReference; lastKnownFileType = text.plist.strings; name = hu; path = hu.lproj/MessageAlertModal.strings; sourceTree = "<group>"; };
		D734C4CD1FD5860100027CDD /* hu */ = {isa = PBXFileReference; lastKnownFileType = text.plist.strings; name = hu; path = hu.lproj/Login.strings; sourceTree = "<group>"; };
		D734C4D01FD5860200027CDD /* hu */ = {isa = PBXFileReference; lastKnownFileType = text.plist.strings; name = hu; path = hu.lproj/LaunchScreen.strings; sourceTree = "<group>"; };
		D73528F11FF527B700EDC0FC /* NewTargetVC.swift */ = {isa = PBXFileReference; lastKnownFileType = sourcecode.swift; path = NewTargetVC.swift; sourceTree = "<group>"; };
		D7377D191FDEE50A00AEA161 /* ProfileVMTest.swift */ = {isa = PBXFileReference; lastKnownFileType = sourcecode.swift; path = ProfileVMTest.swift; sourceTree = "<group>"; };
		D7377D1B1FDEE56200AEA161 /* AuthMocks.swift */ = {isa = PBXFileReference; lastKnownFileType = sourcecode.swift; path = AuthMocks.swift; sourceTree = "<group>"; };
		D74BA1A72003D37400B84CC4 /* hu */ = {isa = PBXFileReference; lastKnownFileType = text.plist.strings; name = hu; path = hu.lproj/NewTarget.strings; sourceTree = "<group>"; };
		D74C39652018BD19006EDBB4 /* SessionVC.swift */ = {isa = PBXFileReference; lastKnownFileType = sourcecode.swift; path = SessionVC.swift; sourceTree = "<group>"; };
		D74C39672018BD33006EDBB4 /* Session.storyboard */ = {isa = PBXFileReference; lastKnownFileType = file.storyboard; path = Session.storyboard; sourceTree = "<group>"; };
		D755503820188D9100177A98 /* Dates.swift */ = {isa = PBXFileReference; lastKnownFileType = sourcecode.swift; path = Dates.swift; sourceTree = "<group>"; };
		D7572C8F1FCDA3FD0024DEED /* ProfileVC.swift */ = {isa = PBXFileReference; lastKnownFileType = sourcecode.swift; path = ProfileVC.swift; sourceTree = "<group>"; };
		D7572C931FCDA4ED0024DEED /* ProfileVM.swift */ = {isa = PBXFileReference; lastKnownFileType = sourcecode.swift; path = ProfileVM.swift; sourceTree = "<group>"; };
		D75D54641FD83740003B3D3F /* AuthErrorToMessageMapper.swift */ = {isa = PBXFileReference; lastKnownFileType = sourcecode.swift; path = AuthErrorToMessageMapper.swift; sourceTree = "<group>"; };
		D763A99E1FD84BC3005B8540 /* LoginVMTest.swift */ = {isa = PBXFileReference; lastKnownFileType = sourcecode.swift; path = LoginVMTest.swift; sourceTree = "<group>"; };
		D766875E2017732C00F9F65B /* NewSessionVC.swift */ = {isa = PBXFileReference; lastKnownFileType = sourcecode.swift; path = NewSessionVC.swift; sourceTree = "<group>"; };
		D766876120177CE600F9F65B /* NewSessionVM.swift */ = {isa = PBXFileReference; lastKnownFileType = sourcecode.swift; path = NewSessionVM.swift; sourceTree = "<group>"; };
		D76CA94E1FCC622300D8C2AC /* Colors.xcassets */ = {isa = PBXFileReference; lastKnownFileType = folder.assetcatalog; path = Colors.xcassets; sourceTree = "<group>"; };
		D7709ECD20179CF30080FC22 /* SessionService.swift */ = {isa = PBXFileReference; lastKnownFileType = sourcecode.swift; path = SessionService.swift; sourceTree = "<group>"; };
		D7709ECF20179D560080FC22 /* Session.swift */ = {isa = PBXFileReference; lastKnownFileType = sourcecode.swift; path = Session.swift; sourceTree = "<group>"; };
		D77496B71FFD0D13001138B8 /* PickAnIconCell.swift */ = {isa = PBXFileReference; lastKnownFileType = sourcecode.swift; path = PickAnIconCell.swift; sourceTree = "<group>"; };
		D778CA7E1FCD9093001F2D99 /* Amatic-Bold.ttf */ = {isa = PBXFileReference; lastKnownFileType = file; path = "Amatic-Bold.ttf"; sourceTree = "<group>"; };
		D778CA7F1FCD9093001F2D99 /* AmaticSC-Regular.ttf */ = {isa = PBXFileReference; lastKnownFileType = file; path = "AmaticSC-Regular.ttf"; sourceTree = "<group>"; };
		D77ABD4D20178A3300418986 /* GuestCell.swift */ = {isa = PBXFileReference; lastKnownFileType = sourcecode.swift; path = GuestCell.swift; sourceTree = "<group>"; };
		D77C86171FE01CD900226CBC /* FacebookAuthServiceTest.swift */ = {isa = PBXFileReference; lastKnownFileType = sourcecode.swift; path = FacebookAuthServiceTest.swift; sourceTree = "<group>"; };
		D77C86191FE042DC00226CBC /* FirebaseAuthServiceTest.swift */ = {isa = PBXFileReference; lastKnownFileType = sourcecode.swift; path = FirebaseAuthServiceTest.swift; sourceTree = "<group>"; };
		D77EE5161FCDB83D00FAEDBA /* FirebaseAuthService.swift */ = {isa = PBXFileReference; lastKnownFileType = sourcecode.swift; path = FirebaseAuthService.swift; sourceTree = "<group>"; };
		D7A1FA061FED39E1004DDF50 /* MainVC.swift */ = {isa = PBXFileReference; lastKnownFileType = sourcecode.swift; path = MainVC.swift; sourceTree = "<group>"; };
		D7A557B420161C88004F556C /* TargetCell.swift */ = {isa = PBXFileReference; lastKnownFileType = sourcecode.swift; path = TargetCell.swift; sourceTree = "<group>"; };
		D7A557B720161F6D004F556C /* TargetsVM.swift */ = {isa = PBXFileReference; lastKnownFileType = sourcecode.swift; path = TargetsVM.swift; sourceTree = "<group>"; };
		D7AD33A31FCDB45D00C12112 /* FacebookAuthService.swift */ = {isa = PBXFileReference; lastKnownFileType = sourcecode.swift; path = FacebookAuthService.swift; sourceTree = "<group>"; };
		D7AD33A51FCDB4F600C12112 /* SocialAuthService.swift */ = {isa = PBXFileReference; lastKnownFileType = sourcecode.swift; path = SocialAuthService.swift; sourceTree = "<group>"; };
		D7B2543F1FCEF61300976CAD /* Lato-Regular.ttf */ = {isa = PBXFileReference; lastKnownFileType = file; path = "Lato-Regular.ttf"; sourceTree = "<group>"; };
		D7B38D9820120EA800BAD510 /* CommonMessages.swift */ = {isa = PBXFileReference; lastKnownFileType = sourcecode.swift; path = CommonMessages.swift; sourceTree = "<group>"; };
		D7BBC00D2017665A00DC2480 /* NewSession.storyboard */ = {isa = PBXFileReference; lastKnownFileType = file.storyboard; path = NewSession.storyboard; sourceTree = "<group>"; };
		D7BBC0102017671300DC2480 /* Target.storyboard */ = {isa = PBXFileReference; lastKnownFileType = file.storyboard; path = Target.storyboard; sourceTree = "<group>"; };
		D7BBC0122017678000DC2480 /* TargetVC.swift */ = {isa = PBXFileReference; lastKnownFileType = sourcecode.swift; path = TargetVC.swift; sourceTree = "<group>"; };
		D7BBC01520176CE500DC2480 /* TargetVM.swift */ = {isa = PBXFileReference; lastKnownFileType = sourcecode.swift; path = TargetVM.swift; sourceTree = "<group>"; };
		D7BF04D51FFE642900465C8C /* hu */ = {isa = PBXFileReference; lastKnownFileType = text.plist.strings; name = hu; path = hu.lproj/Targets.strings; sourceTree = "<group>"; };
		D7BF04D61FFE66A000465C8C /* Target.swift */ = {isa = PBXFileReference; lastKnownFileType = sourcecode.swift; path = Target.swift; sourceTree = "<group>"; };
		D7C1C4D91FD8471700FA0551 /* hu */ = {isa = PBXFileReference; lastKnownFileType = text.plist.strings; name = hu; path = hu.lproj/Localizable.strings; sourceTree = "<group>"; };
		D7C1C4DB1FD8471B00FA0551 /* Base */ = {isa = PBXFileReference; lastKnownFileType = text.plist.strings; name = Base; path = Base.lproj/Localizable.strings; sourceTree = "<group>"; };
		D7C6F2711FC7163B0032A879 /* Rchry.app */ = {isa = PBXFileReference; explicitFileType = wrapper.application; includeInIndex = 0; path = Rchry.app; sourceTree = BUILT_PRODUCTS_DIR; };
		D7C6F2741FC7163B0032A879 /* AppDelegate.swift */ = {isa = PBXFileReference; lastKnownFileType = sourcecode.swift; path = AppDelegate.swift; sourceTree = "<group>"; };
		D7C6F2761FC7163B0032A879 /* LoginVC.swift */ = {isa = PBXFileReference; lastKnownFileType = sourcecode.swift; path = LoginVC.swift; sourceTree = "<group>"; };
		D7C6F2791FC7163B0032A879 /* Base */ = {isa = PBXFileReference; lastKnownFileType = file.storyboard; name = Base; path = Base.lproj/Login.storyboard; sourceTree = "<group>"; };
		D7C6F27B1FC7163B0032A879 /* Assets.xcassets */ = {isa = PBXFileReference; lastKnownFileType = folder.assetcatalog; path = Assets.xcassets; sourceTree = "<group>"; };
		D7C6F27E1FC7163B0032A879 /* Base */ = {isa = PBXFileReference; lastKnownFileType = file.storyboard; name = Base; path = Base.lproj/LaunchScreen.storyboard; sourceTree = "<group>"; };
		D7C6F2801FC7163B0032A879 /* Info.plist */ = {isa = PBXFileReference; lastKnownFileType = text.plist.xml; path = Info.plist; sourceTree = "<group>"; };
		D7C6F2851FC7163B0032A879 /* RchryTests.xctest */ = {isa = PBXFileReference; explicitFileType = wrapper.cfbundle; includeInIndex = 0; path = RchryTests.xctest; sourceTree = BUILT_PRODUCTS_DIR; };
		D7C6F28B1FC7163B0032A879 /* Info.plist */ = {isa = PBXFileReference; lastKnownFileType = text.plist.xml; path = Info.plist; sourceTree = "<group>"; };
		D7C7E90F1FFE848C003C102D /* TargetsService.swift */ = {isa = PBXFileReference; lastKnownFileType = sourcecode.swift; path = TargetsService.swift; sourceTree = "<group>"; };
		D7C7E9151FFE956B003C102D /* DatabaseError.swift */ = {isa = PBXFileReference; lastKnownFileType = sourcecode.swift; path = DatabaseError.swift; sourceTree = "<group>"; };
		D7D689371FD57EDC00ABB213 /* Base */ = {isa = PBXFileReference; lastKnownFileType = file.storyboard; name = Base; path = Base.lproj/MessageAlertModal.storyboard; sourceTree = "<group>"; };
		D7D6893A1FD57EEF00ABB213 /* Base */ = {isa = PBXFileReference; lastKnownFileType = file.storyboard; name = Base; path = Base.lproj/Targets.storyboard; sourceTree = "<group>"; };
		D7D6893D1FD57EFB00ABB213 /* Base */ = {isa = PBXFileReference; lastKnownFileType = file.storyboard; name = Base; path = Base.lproj/Profile.storyboard; sourceTree = "<group>"; };
		D7DFD2DE1FCDB90B00893BEB /* AuthService.swift */ = {isa = PBXFileReference; lastKnownFileType = sourcecode.swift; path = AuthService.swift; sourceTree = "<group>"; };
		D7DFD2E11FCDBA6D00893BEB /* LoginVM.swift */ = {isa = PBXFileReference; lastKnownFileType = sourcecode.swift; path = LoginVM.swift; sourceTree = "<group>"; };
		E68E94AEEC220AEB5F1CCEC5 /* Pods-RchryUITests.release.xcconfig */ = {isa = PBXFileReference; includeInIndex = 1; lastKnownFileType = text.xcconfig; name = "Pods-RchryUITests.release.xcconfig"; path = "Pods/Target Support Files/Pods-RchryUITests/Pods-RchryUITests.release.xcconfig"; sourceTree = "<group>"; };
		E9C9C42BD3F6C5ED18CE1EF4 /* Pods-RchryTests.debug.xcconfig */ = {isa = PBXFileReference; includeInIndex = 1; lastKnownFileType = text.xcconfig; name = "Pods-RchryTests.debug.xcconfig"; path = "Pods/Target Support Files/Pods-RchryTests/Pods-RchryTests.debug.xcconfig"; sourceTree = "<group>"; };
		F660C2B4174B7F0EA6DE75E3 /* Pods_RchryUITests.framework */ = {isa = PBXFileReference; explicitFileType = wrapper.framework; includeInIndex = 0; path = Pods_RchryUITests.framework; sourceTree = BUILT_PRODUCTS_DIR; };
		F834C40392A847C0E7B56AA3 /* Pods_Rchry.framework */ = {isa = PBXFileReference; explicitFileType = wrapper.framework; includeInIndex = 0; path = Pods_Rchry.framework; sourceTree = BUILT_PRODUCTS_DIR; };
/* End PBXFileReference section */

/* Begin PBXFrameworksBuildPhase section */
		D7C6F26E1FC7163B0032A879 /* Frameworks */ = {
			isa = PBXFrameworksBuildPhase;
			buildActionMask = 2147483647;
			files = (
				F77259933B6CAA4D7F26EEE6 /* Pods_Rchry.framework in Frameworks */,
			);
			runOnlyForDeploymentPostprocessing = 0;
		};
		D7C6F2821FC7163B0032A879 /* Frameworks */ = {
			isa = PBXFrameworksBuildPhase;
			buildActionMask = 2147483647;
			files = (
				BA612F4279376393D67C2A99 /* Pods_RchryTests.framework in Frameworks */,
			);
			runOnlyForDeploymentPostprocessing = 0;
		};
/* End PBXFrameworksBuildPhase section */

/* Begin PBXGroup section */
		121886182674ED5E73AE7FAD /* Frameworks */ = {
			isa = PBXGroup;
			children = (
				F834C40392A847C0E7B56AA3 /* Pods_Rchry.framework */,
				1590B90AFD3CED9B09886251 /* Pods_RchryTests.framework */,
				F660C2B4174B7F0EA6DE75E3 /* Pods_RchryUITests.framework */,
			);
			name = Frameworks;
			sourceTree = "<group>";
		};
		AD21B679C2AE158BFC26419E /* Pods */ = {
			isa = PBXGroup;
			children = (
				1C124F3E1702D6D04D88750E /* Pods-Rchry.debug.xcconfig */,
				8331675368C4BD72B7D40057 /* Pods-Rchry.release.xcconfig */,
				E9C9C42BD3F6C5ED18CE1EF4 /* Pods-RchryTests.debug.xcconfig */,
				C82D1563AD28DBE6B97FCED7 /* Pods-RchryTests.release.xcconfig */,
				5BDF93A5376BC52B6C849307 /* Pods-RchryUITests.debug.xcconfig */,
				E68E94AEEC220AEB5F1CCEC5 /* Pods-RchryUITests.release.xcconfig */,
			);
			name = Pods;
			sourceTree = "<group>";
		};
		D71E08D21FCED8CA00D9FAA3 /* AlertModal */ = {
			isa = PBXGroup;
			children = (
				D7D689361FD57EDC00ABB213 /* MessageAlertModal.storyboard */,
				D71E08D51FCEE9A400D9FAA3 /* MessageAlertModalVC.swift */,
			);
			path = AlertModal;
			sourceTree = "<group>";
		};
		D73528EE1FF5277F00EDC0FC /* New Target */ = {
			isa = PBXGroup;
			children = (
				D71FB5C11FFD48330085CDDC /* NewTarget.storyboard */,
				D73528F11FF527B700EDC0FC /* NewTargetVC.swift */,
				D71FB5B91FFD33D30085CDDC /* ScoreCell.swift */,
				D77496B71FFD0D13001138B8 /* PickAnIconCell.swift */,
			);
			path = "New Target";
			sourceTree = "<group>";
		};
		D7377D1D1FDEE96700AEA161 /* ViewModel */ = {
			isa = PBXGroup;
			children = (
				D763A99E1FD84BC3005B8540 /* LoginVMTest.swift */,
				D7377D191FDEE50A00AEA161 /* ProfileVMTest.swift */,
			);
			path = ViewModel;
			sourceTree = "<group>";
		};
		D74C39642018BCFA006EDBB4 /* Session */ = {
			isa = PBXGroup;
			children = (
				D74C39672018BD33006EDBB4 /* Session.storyboard */,
				D74C39652018BD19006EDBB4 /* SessionVC.swift */,
			);
			path = Session;
			sourceTree = "<group>";
		};
		D7572C8A1FCDA06F0024DEED /* Targets */ = {
			isa = PBXGroup;
			children = (
				D7D689391FD57EEF00ABB213 /* Targets.storyboard */,
				D71E08D71FCEECA200D9FAA3 /* TargetsVC.swift */,
				D7A557B420161C88004F556C /* TargetCell.swift */,
			);
			path = Targets;
			sourceTree = "<group>";
		};
		D7572C911FCDA4980024DEED /* Profile */ = {
			isa = PBXGroup;
			children = (
				D7D6893C1FD57EFB00ABB213 /* Profile.storyboard */,
				D7572C8F1FCDA3FD0024DEED /* ProfileVC.swift */,
			);
			path = Profile;
			sourceTree = "<group>";
		};
		D7572C921FCDA4D70024DEED /* Profile */ = {
			isa = PBXGroup;
			children = (
				D7572C931FCDA4ED0024DEED /* ProfileVM.swift */,
			);
			path = Profile;
			sourceTree = "<group>";
		};
		D766876020177CC200F9F65B /* New Session */ = {
			isa = PBXGroup;
			children = (
				D766876120177CE600F9F65B /* NewSessionVM.swift */,
			);
			path = "New Session";
			sourceTree = "<group>";
		};
		D77C86151FE01CA700226CBC /* Model */ = {
			isa = PBXGroup;
			children = (
				D77C86161FE01CB500226CBC /* Networking */,
			);
			path = Model;
			sourceTree = "<group>";
		};
		D77C86161FE01CB500226CBC /* Networking */ = {
			isa = PBXGroup;
			children = (
				D77C86171FE01CD900226CBC /* FacebookAuthServiceTest.swift */,
				D77C86191FE042DC00226CBC /* FirebaseAuthServiceTest.swift */,
			);
			path = Networking;
			sourceTree = "<group>";
		};
		D77EE5151FCDB82100FAEDBA /* Firebase */ = {
			isa = PBXGroup;
			children = (
				D77EE5161FCDB83D00FAEDBA /* FirebaseAuthService.swift */,
			);
			path = Firebase;
			sourceTree = "<group>";
		};
		D7A557B620161F50004F556C /* Targets */ = {
			isa = PBXGroup;
			children = (
				D7A557B720161F6D004F556C /* TargetsVM.swift */,
			);
			path = Targets;
			sourceTree = "<group>";
		};
		D7AD33A11FCDB43800C12112 /* Networking */ = {
			isa = PBXGroup;
			children = (
				D7C7E9111FFE85B8003C102D /* Auth */,
				D7C7E9141FFE861E003C102D /* Database */,
			);
			path = Networking;
			sourceTree = "<group>";
		};
		D7AD33A21FCDB44300C12112 /* Facebook */ = {
			isa = PBXGroup;
			children = (
				D7AD33A31FCDB45D00C12112 /* FacebookAuthService.swift */,
			);
			path = Facebook;
			sourceTree = "<group>";
		};
		D7BBC00C2017637E00DC2480 /* New Session */ = {
			isa = PBXGroup;
			children = (
				D7BBC00D2017665A00DC2480 /* NewSession.storyboard */,
				D766875E2017732C00F9F65B /* NewSessionVC.swift */,
				D77ABD4D20178A3300418986 /* GuestCell.swift */,
			);
			path = "New Session";
			sourceTree = "<group>";
		};
		D7BBC00F2017670500DC2480 /* Target */ = {
			isa = PBXGroup;
			children = (
				D7BBC0102017671300DC2480 /* Target.storyboard */,
				D7BBC0122017678000DC2480 /* TargetVC.swift */,
			);
			path = Target;
			sourceTree = "<group>";
		};
		D7BBC01420176CD300DC2480 /* Target */ = {
			isa = PBXGroup;
			children = (
				D7BBC01520176CE500DC2480 /* TargetVM.swift */,
			);
			path = Target;
			sourceTree = "<group>";
		};
		D7C36A051FFD288400C2E68E /* New Target */ = {
			isa = PBXGroup;
			children = (
				D71FB5BD1FFD3A820085CDDC /* NewTargetVM.swift */,
			);
			path = "New Target";
			sourceTree = "<group>";
		};
		D7C6F2681FC7163B0032A879 = {
			isa = PBXGroup;
			children = (
				D7C6F2731FC7163B0032A879 /* Rchry */,
				D7C6F2881FC7163B0032A879 /* RchryTests */,
				D7C6F2721FC7163B0032A879 /* Products */,
				AD21B679C2AE158BFC26419E /* Pods */,
				121886182674ED5E73AE7FAD /* Frameworks */,
			);
			sourceTree = "<group>";
		};
		D7C6F2721FC7163B0032A879 /* Products */ = {
			isa = PBXGroup;
			children = (
				D7C6F2711FC7163B0032A879 /* Rchry.app */,
				D7C6F2851FC7163B0032A879 /* RchryTests.xctest */,
			);
			name = Products;
			sourceTree = "<group>";
		};
		D7C6F2731FC7163B0032A879 /* Rchry */ = {
			isa = PBXGroup;
			children = (
				D733044A1FCDA88E00FE4B8E /* GoogleService-Info.plist */,
				D7C1C4DA1FD8471700FA0551 /* Localizable.strings */,
				D7F0D8BE1FCC58D7009A044B /* Supporting Files */,
				D7F0D8BB1FCC58A8009A044B /* Model */,
				D7F0D8BC1FCC58B3009A044B /* ViewModel */,
				D7F0D8BD1FCC58BE009A044B /* View */,
			);
			path = Rchry;
			sourceTree = "<group>";
		};
		D7C6F2881FC7163B0032A879 /* RchryTests */ = {
			isa = PBXGroup;
			children = (
				D7377D1B1FDEE56200AEA161 /* AuthMocks.swift */,
				D77C86151FE01CA700226CBC /* Model */,
				D7377D1D1FDEE96700AEA161 /* ViewModel */,
				D7C6F28B1FC7163B0032A879 /* Info.plist */,
			);
			path = RchryTests;
			sourceTree = "<group>";
		};
		D7C7E9111FFE85B8003C102D /* Auth */ = {
			isa = PBXGroup;
			children = (
				D7AD33A51FCDB4F600C12112 /* SocialAuthService.swift */,
				D7DFD2DE1FCDB90B00893BEB /* AuthService.swift */,
				D7AD33A21FCDB44300C12112 /* Facebook */,
				D77EE5151FCDB82100FAEDBA /* Firebase */,
			);
			path = Auth;
			sourceTree = "<group>";
		};
		D7C7E9141FFE861E003C102D /* Database */ = {
			isa = PBXGroup;
			children = (
				D7C7E9151FFE956B003C102D /* DatabaseError.swift */,
				D7C7E90F1FFE848C003C102D /* TargetsService.swift */,
				D7709ECD20179CF30080FC22 /* SessionService.swift */,
			);
			path = Database;
			sourceTree = "<group>";
		};
		D7DFD2E01FCDBA6000893BEB /* Login */ = {
			isa = PBXGroup;
			children = (
				D7DFD2E11FCDBA6D00893BEB /* LoginVM.swift */,
			);
			path = Login;
			sourceTree = "<group>";
		};
		D7F0D8BB1FCC58A8009A044B /* Model */ = {
			isa = PBXGroup;
			children = (
				D7AD33A11FCDB43800C12112 /* Networking */,
				D7BF04D61FFE66A000465C8C /* Target.swift */,
				D7709ECF20179D560080FC22 /* Session.swift */,
			);
			path = Model;
			sourceTree = "<group>";
		};
		D7F0D8BC1FCC58B3009A044B /* ViewModel */ = {
			isa = PBXGroup;
			children = (
				D75D54641FD83740003B3D3F /* AuthErrorToMessageMapper.swift */,
				D71F8E322004FABE0077ECAB /* DatabaseErrorToMessageMapper.swift */,
				D71F8E302004F64E0077ECAB /* TargetValidator.swift */,
				D7DFD2E01FCDBA6000893BEB /* Login */,
				D7A557B620161F50004F556C /* Targets */,
				D7BBC01420176CD300DC2480 /* Target */,
				D7C36A051FFD288400C2E68E /* New Target */,
				D766876020177CC200F9F65B /* New Session */,
				D7572C921FCDA4D70024DEED /* Profile */,
			);
			path = ViewModel;
			sourceTree = "<group>";
		};
		D7F0D8BD1FCC58BE009A044B /* View */ = {
			isa = PBXGroup;
			children = (
				D71E08D21FCED8CA00D9FAA3 /* AlertModal */,
				D7F0D8BF1FCC5FB2009A044B /* Login */,
				D7572C8A1FCDA06F0024DEED /* Targets */,
				D7BBC00F2017670500DC2480 /* Target */,
				D73528EE1FF5277F00EDC0FC /* New Target */,
				D7BBC00C2017637E00DC2480 /* New Session */,
				D74C39642018BCFA006EDBB4 /* Session */,
				D7572C911FCDA4980024DEED /* Profile */,
				D7C6F27D1FC7163B0032A879 /* LaunchScreen.storyboard */,
				D7A1FA061FED39E1004DDF50 /* MainVC.swift */,
			);
			path = View;
			sourceTree = "<group>";
		};
		D7F0D8BE1FCC58D7009A044B /* Supporting Files */ = {
			isa = PBXGroup;
			children = (
				D7C6F2741FC7163B0032A879 /* AppDelegate.swift */,
				D71FB5B71FFD32A20085CDDC /* Extensions.swift */,
				D7B38D9820120EA800BAD510 /* CommonMessages.swift */,
				D755503820188D9100177A98 /* Dates.swift */,
				D7C6F2801FC7163B0032A879 /* Info.plist */,
				D7C6F27B1FC7163B0032A879 /* Assets.xcassets */,
				D76CA94E1FCC622300D8C2AC /* Colors.xcassets */,
				D778CA7E1FCD9093001F2D99 /* Amatic-Bold.ttf */,
				D778CA7F1FCD9093001F2D99 /* AmaticSC-Regular.ttf */,
				D7B2543F1FCEF61300976CAD /* Lato-Regular.ttf */,
			);
			path = "Supporting Files";
			sourceTree = "<group>";
		};
		D7F0D8BF1FCC5FB2009A044B /* Login */ = {
			isa = PBXGroup;
			children = (
				D7C6F2781FC7163B0032A879 /* Login.storyboard */,
				D7C6F2761FC7163B0032A879 /* LoginVC.swift */,
			);
			path = Login;
			sourceTree = "<group>";
		};
/* End PBXGroup section */

/* Begin PBXNativeTarget section */
		D7C6F2701FC7163B0032A879 /* Rchry */ = {
			isa = PBXNativeTarget;
			buildConfigurationList = D7C6F2991FC7163B0032A879 /* Build configuration list for PBXNativeTarget "Rchry" */;
			buildPhases = (
				57CABEBFF5DB6ABF83147AF5 /* [CP] Check Pods Manifest.lock */,
				D7C6F26D1FC7163B0032A879 /* Sources */,
				D7C6F26E1FC7163B0032A879 /* Frameworks */,
				D7C6F26F1FC7163B0032A879 /* Resources */,
				65DE0C8CF57E37217175E36A /* [CP] Embed Pods Frameworks */,
				3A270EB48D89CEA779B8FF31 /* [CP] Copy Pods Resources */,
			);
			buildRules = (
			);
			dependencies = (
			);
			name = Rchry;
			productName = Rchry;
			productReference = D7C6F2711FC7163B0032A879 /* Rchry.app */;
			productType = "com.apple.product-type.application";
		};
		D7C6F2841FC7163B0032A879 /* RchryTests */ = {
			isa = PBXNativeTarget;
			buildConfigurationList = D7C6F29C1FC7163B0032A879 /* Build configuration list for PBXNativeTarget "RchryTests" */;
			buildPhases = (
				972F301865FC5BB64A69666A /* [CP] Check Pods Manifest.lock */,
				D7C6F2811FC7163B0032A879 /* Sources */,
				D7C6F2821FC7163B0032A879 /* Frameworks */,
				D7C6F2831FC7163B0032A879 /* Resources */,
				1D8A0E40D9EDA4FA28ACE18D /* [CP] Embed Pods Frameworks */,
				B3A6B92FCBA49F8D4D14098B /* [CP] Copy Pods Resources */,
			);
			buildRules = (
			);
			dependencies = (
				D7C6F2871FC7163B0032A879 /* PBXTargetDependency */,
			);
			name = RchryTests;
			productName = RchryTests;
			productReference = D7C6F2851FC7163B0032A879 /* RchryTests.xctest */;
			productType = "com.apple.product-type.bundle.unit-test";
		};
/* End PBXNativeTarget section */

/* Begin PBXProject section */
		D7C6F2691FC7163B0032A879 /* Project object */ = {
			isa = PBXProject;
			attributes = {
				LastSwiftUpdateCheck = 0910;
				LastUpgradeCheck = 0910;
				ORGANIZATIONNAME = "Máthé Levente";
				TargetAttributes = {
					D7C6F2701FC7163B0032A879 = {
						CreatedOnToolsVersion = 9.1;
						ProvisioningStyle = Automatic;
					};
					D7C6F2841FC7163B0032A879 = {
						CreatedOnToolsVersion = 9.1;
						LastSwiftMigration = 0920;
						ProvisioningStyle = Automatic;
						TestTargetID = D7C6F2701FC7163B0032A879;
					};
				};
			};
			buildConfigurationList = D7C6F26C1FC7163B0032A879 /* Build configuration list for PBXProject "Rchry" */;
			compatibilityVersion = "Xcode 8.0";
			developmentRegion = en;
			hasScannedForEncodings = 0;
			knownRegions = (
				en,
				Base,
				hu,
			);
			mainGroup = D7C6F2681FC7163B0032A879;
			productRefGroup = D7C6F2721FC7163B0032A879 /* Products */;
			projectDirPath = "";
			projectRoot = "";
			targets = (
				D7C6F2701FC7163B0032A879 /* Rchry */,
				D7C6F2841FC7163B0032A879 /* RchryTests */,
			);
		};
/* End PBXProject section */

/* Begin PBXResourcesBuildPhase section */
		D7C6F26F1FC7163B0032A879 /* Resources */ = {
			isa = PBXResourcesBuildPhase;
			buildActionMask = 2147483647;
			files = (
				D7C6F27F1FC7163B0032A879 /* LaunchScreen.storyboard in Resources */,
				D71FB5BF1FFD48330085CDDC /* NewTarget.storyboard in Resources */,
				D7D6893E1FD57EFB00ABB213 /* Profile.storyboard in Resources */,
				D76CA94F1FCC622300D8C2AC /* Colors.xcassets in Resources */,
				D733044B1FCDA88F00FE4B8E /* GoogleService-Info.plist in Resources */,
				D778CA811FCD9094001F2D99 /* AmaticSC-Regular.ttf in Resources */,
				D7D689381FD57EDC00ABB213 /* MessageAlertModal.storyboard in Resources */,
				D7D6893B1FD57EEF00ABB213 /* Targets.storyboard in Resources */,
				D778CA801FCD9094001F2D99 /* Amatic-Bold.ttf in Resources */,
				D7BBC0112017671300DC2480 /* Target.storyboard in Resources */,
				D7C6F27C1FC7163B0032A879 /* Assets.xcassets in Resources */,
				D7BBC00E2017665A00DC2480 /* NewSession.storyboard in Resources */,
				D7C1C4D81FD8471700FA0551 /* Localizable.strings in Resources */,
				D74C39682018BD33006EDBB4 /* Session.storyboard in Resources */,
				D7C6F27A1FC7163B0032A879 /* Login.storyboard in Resources */,
				D7B254401FCEF61300976CAD /* Lato-Regular.ttf in Resources */,
			);
			runOnlyForDeploymentPostprocessing = 0;
		};
		D7C6F2831FC7163B0032A879 /* Resources */ = {
			isa = PBXResourcesBuildPhase;
			buildActionMask = 2147483647;
			files = (
			);
			runOnlyForDeploymentPostprocessing = 0;
		};
/* End PBXResourcesBuildPhase section */

/* Begin PBXShellScriptBuildPhase section */
		1D8A0E40D9EDA4FA28ACE18D /* [CP] Embed Pods Frameworks */ = {
			isa = PBXShellScriptBuildPhase;
			buildActionMask = 2147483647;
			files = (
			);
			inputPaths = (
				"${SRCROOT}/Pods/Target Support Files/Pods-RchryTests/Pods-RchryTests-frameworks.sh",
				"${BUILT_PRODUCTS_DIR}/RxSwift/RxSwift.framework",
				"${BUILT_PRODUCTS_DIR}/RxBlocking/RxBlocking.framework",
				"${BUILT_PRODUCTS_DIR}/RxTest/RxTest.framework",
			);
			name = "[CP] Embed Pods Frameworks";
			outputPaths = (
				"${TARGET_BUILD_DIR}/${FRAMEWORKS_FOLDER_PATH}/RxSwift.framework",
				"${TARGET_BUILD_DIR}/${FRAMEWORKS_FOLDER_PATH}/RxBlocking.framework",
				"${TARGET_BUILD_DIR}/${FRAMEWORKS_FOLDER_PATH}/RxTest.framework",
			);
			runOnlyForDeploymentPostprocessing = 0;
			shellPath = /bin/sh;
			shellScript = "\"${SRCROOT}/Pods/Target Support Files/Pods-RchryTests/Pods-RchryTests-frameworks.sh\"\n";
			showEnvVarsInLog = 0;
		};
		3A270EB48D89CEA779B8FF31 /* [CP] Copy Pods Resources */ = {
			isa = PBXShellScriptBuildPhase;
			buildActionMask = 2147483647;
			files = (
			);
			inputPaths = (
			);
			name = "[CP] Copy Pods Resources";
			outputPaths = (
			);
			runOnlyForDeploymentPostprocessing = 0;
			shellPath = /bin/sh;
			shellScript = "\"${SRCROOT}/Pods/Target Support Files/Pods-Rchry/Pods-Rchry-resources.sh\"\n";
			showEnvVarsInLog = 0;
		};
		57CABEBFF5DB6ABF83147AF5 /* [CP] Check Pods Manifest.lock */ = {
			isa = PBXShellScriptBuildPhase;
			buildActionMask = 2147483647;
			files = (
			);
			inputPaths = (
				"${PODS_PODFILE_DIR_PATH}/Podfile.lock",
				"${PODS_ROOT}/Manifest.lock",
			);
			name = "[CP] Check Pods Manifest.lock";
			outputPaths = (
				"$(DERIVED_FILE_DIR)/Pods-Rchry-checkManifestLockResult.txt",
			);
			runOnlyForDeploymentPostprocessing = 0;
			shellPath = /bin/sh;
			shellScript = "diff \"${PODS_PODFILE_DIR_PATH}/Podfile.lock\" \"${PODS_ROOT}/Manifest.lock\" > /dev/null\nif [ $? != 0 ] ; then\n    # print error to STDERR\n    echo \"error: The sandbox is not in sync with the Podfile.lock. Run 'pod install' or update your CocoaPods installation.\" >&2\n    exit 1\nfi\n# This output is used by Xcode 'outputs' to avoid re-running this script phase.\necho \"SUCCESS\" > \"${SCRIPT_OUTPUT_FILE_0}\"\n";
			showEnvVarsInLog = 0;
		};
		65DE0C8CF57E37217175E36A /* [CP] Embed Pods Frameworks */ = {
			isa = PBXShellScriptBuildPhase;
			buildActionMask = 2147483647;
			files = (
			);
			inputPaths = (
				"${SRCROOT}/Pods/Target Support Files/Pods-Rchry/Pods-Rchry-frameworks.sh",
				"${BUILT_PRODUCTS_DIR}/Bolts/Bolts.framework",
				"${BUILT_PRODUCTS_DIR}/FBSDKCoreKit/FBSDKCoreKit.framework",
				"${BUILT_PRODUCTS_DIR}/FBSDKLoginKit/FBSDKLoginKit.framework",
				"${BUILT_PRODUCTS_DIR}/GTMSessionFetcher/GTMSessionFetcher.framework",
				"${BUILT_PRODUCTS_DIR}/GoogleToolboxForMac/GoogleToolboxForMac.framework",
				"${BUILT_PRODUCTS_DIR}/LMViews/LMViews.framework",
				"${BUILT_PRODUCTS_DIR}/RxCocoa/RxCocoa.framework",
				"${BUILT_PRODUCTS_DIR}/RxSwift/RxSwift.framework",
				"${BUILT_PRODUCTS_DIR}/leveldb-library/leveldb.framework",
				"${BUILT_PRODUCTS_DIR}/nanopb/nanopb.framework",
			);
			name = "[CP] Embed Pods Frameworks";
			outputPaths = (
				"${TARGET_BUILD_DIR}/${FRAMEWORKS_FOLDER_PATH}/Bolts.framework",
				"${TARGET_BUILD_DIR}/${FRAMEWORKS_FOLDER_PATH}/FBSDKCoreKit.framework",
				"${TARGET_BUILD_DIR}/${FRAMEWORKS_FOLDER_PATH}/FBSDKLoginKit.framework",
				"${TARGET_BUILD_DIR}/${FRAMEWORKS_FOLDER_PATH}/GTMSessionFetcher.framework",
				"${TARGET_BUILD_DIR}/${FRAMEWORKS_FOLDER_PATH}/GoogleToolboxForMac.framework",
				"${TARGET_BUILD_DIR}/${FRAMEWORKS_FOLDER_PATH}/LMViews.framework",
				"${TARGET_BUILD_DIR}/${FRAMEWORKS_FOLDER_PATH}/RxCocoa.framework",
				"${TARGET_BUILD_DIR}/${FRAMEWORKS_FOLDER_PATH}/RxSwift.framework",
				"${TARGET_BUILD_DIR}/${FRAMEWORKS_FOLDER_PATH}/leveldb.framework",
				"${TARGET_BUILD_DIR}/${FRAMEWORKS_FOLDER_PATH}/nanopb.framework",
			);
			runOnlyForDeploymentPostprocessing = 0;
			shellPath = /bin/sh;
			shellScript = "\"${SRCROOT}/Pods/Target Support Files/Pods-Rchry/Pods-Rchry-frameworks.sh\"\n";
			showEnvVarsInLog = 0;
		};
		972F301865FC5BB64A69666A /* [CP] Check Pods Manifest.lock */ = {
			isa = PBXShellScriptBuildPhase;
			buildActionMask = 2147483647;
			files = (
			);
			inputPaths = (
				"${PODS_PODFILE_DIR_PATH}/Podfile.lock",
				"${PODS_ROOT}/Manifest.lock",
			);
			name = "[CP] Check Pods Manifest.lock";
			outputPaths = (
				"$(DERIVED_FILE_DIR)/Pods-RchryTests-checkManifestLockResult.txt",
			);
			runOnlyForDeploymentPostprocessing = 0;
			shellPath = /bin/sh;
			shellScript = "diff \"${PODS_PODFILE_DIR_PATH}/Podfile.lock\" \"${PODS_ROOT}/Manifest.lock\" > /dev/null\nif [ $? != 0 ] ; then\n    # print error to STDERR\n    echo \"error: The sandbox is not in sync with the Podfile.lock. Run 'pod install' or update your CocoaPods installation.\" >&2\n    exit 1\nfi\n# This output is used by Xcode 'outputs' to avoid re-running this script phase.\necho \"SUCCESS\" > \"${SCRIPT_OUTPUT_FILE_0}\"\n";
			showEnvVarsInLog = 0;
		};
		B3A6B92FCBA49F8D4D14098B /* [CP] Copy Pods Resources */ = {
			isa = PBXShellScriptBuildPhase;
			buildActionMask = 2147483647;
			files = (
			);
			inputPaths = (
			);
			name = "[CP] Copy Pods Resources";
			outputPaths = (
			);
			runOnlyForDeploymentPostprocessing = 0;
			shellPath = /bin/sh;
			shellScript = "\"${SRCROOT}/Pods/Target Support Files/Pods-RchryTests/Pods-RchryTests-resources.sh\"\n";
			showEnvVarsInLog = 0;
		};
/* End PBXShellScriptBuildPhase section */

/* Begin PBXSourcesBuildPhase section */
		D7C6F26D1FC7163B0032A879 /* Sources */ = {
			isa = PBXSourcesBuildPhase;
			buildActionMask = 2147483647;
			files = (
				D71E08D81FCEECA200D9FAA3 /* TargetsVC.swift in Sources */,
				D755503920188D9100177A98 /* Dates.swift in Sources */,
				D77EE5171FCDB83D00FAEDBA /* FirebaseAuthService.swift in Sources */,
				D7572C901FCDA3FD0024DEED /* ProfileVC.swift in Sources */,
				D7AD33A41FCDB45D00C12112 /* FacebookAuthService.swift in Sources */,
				D7709ECE20179CF30080FC22 /* SessionService.swift in Sources */,
				D71FB5BE1FFD3A820085CDDC /* NewTargetVM.swift in Sources */,
				D7DFD2DF1FCDB90B00893BEB /* AuthService.swift in Sources */,
				D766876220177CE600F9F65B /* NewSessionVM.swift in Sources */,
				D7C6F2771FC7163B0032A879 /* LoginVC.swift in Sources */,
				D7B38D9920120EA800BAD510 /* CommonMessages.swift in Sources */,
				D77496B81FFD0D13001138B8 /* PickAnIconCell.swift in Sources */,
				D7A557B820161F6D004F556C /* TargetsVM.swift in Sources */,
				D7DFD2E21FCDBA6D00893BEB /* LoginVM.swift in Sources */,
				D7BF04D71FFE66A000465C8C /* Target.swift in Sources */,
				D75D54651FD83740003B3D3F /* AuthErrorToMessageMapper.swift in Sources */,
				D7572C941FCDA4ED0024DEED /* ProfileVM.swift in Sources */,
				D7C6F2751FC7163B0032A879 /* AppDelegate.swift in Sources */,
				D73528F21FF527B700EDC0FC /* NewTargetVC.swift in Sources */,
				D7AD33A61FCDB4F600C12112 /* SocialAuthService.swift in Sources */,
				D71E08D61FCEE9A400D9FAA3 /* MessageAlertModalVC.swift in Sources */,
				D7A557B520161C88004F556C /* TargetCell.swift in Sources */,
				D71F8E332004FABE0077ECAB /* DatabaseErrorToMessageMapper.swift in Sources */,
				D74C39662018BD19006EDBB4 /* SessionVC.swift in Sources */,
				D7C7E9161FFE956B003C102D /* DatabaseError.swift in Sources */,
				D71FB5B81FFD32A20085CDDC /* Extensions.swift in Sources */,
				D7A1FA071FED39E1004DDF50 /* MainVC.swift in Sources */,
				D7BBC01620176CE500DC2480 /* TargetVM.swift in Sources */,
				D766875F2017732C00F9F65B /* NewSessionVC.swift in Sources */,
				D71FB5BA1FFD33D30085CDDC /* ScoreCell.swift in Sources */,
				D71F8E312004F64E0077ECAB /* TargetValidator.swift in Sources */,
				D7709ED020179D560080FC22 /* Session.swift in Sources */,
				D77ABD4E20178A3300418986 /* GuestCell.swift in Sources */,
				D7BBC0132017678000DC2480 /* TargetVC.swift in Sources */,
				D7C7E9101FFE848C003C102D /* TargetsService.swift in Sources */,
			);
			runOnlyForDeploymentPostprocessing = 0;
		};
		D7C6F2811FC7163B0032A879 /* Sources */ = {
			isa = PBXSourcesBuildPhase;
			buildActionMask = 2147483647;
			files = (
				D7377D1C1FDEE56200AEA161 /* AuthMocks.swift in Sources */,
				D77C861A1FE042DC00226CBC /* FirebaseAuthServiceTest.swift in Sources */,
				D77C86181FE01CD900226CBC /* FacebookAuthServiceTest.swift in Sources */,
				D7377D1A1FDEE50A00AEA161 /* ProfileVMTest.swift in Sources */,
				D763A99F1FD84BC3005B8540 /* LoginVMTest.swift in Sources */,
			);
			runOnlyForDeploymentPostprocessing = 0;
		};
/* End PBXSourcesBuildPhase section */

/* Begin PBXTargetDependency section */
		D7C6F2871FC7163B0032A879 /* PBXTargetDependency */ = {
			isa = PBXTargetDependency;
			target = D7C6F2701FC7163B0032A879 /* Rchry */;
			targetProxy = D7C6F2861FC7163B0032A879 /* PBXContainerItemProxy */;
		};
/* End PBXTargetDependency section */

/* Begin PBXVariantGroup section */
		D71FB5C11FFD48330085CDDC /* NewTarget.storyboard */ = {
			isa = PBXVariantGroup;
			children = (
				D71FB5C21FFD48360085CDDC /* Base */,
				D74BA1A72003D37400B84CC4 /* hu */,
			);
			name = NewTarget.storyboard;
			sourceTree = "<group>";
		};
		D7C1C4DA1FD8471700FA0551 /* Localizable.strings */ = {
			isa = PBXVariantGroup;
			children = (
				D7C1C4D91FD8471700FA0551 /* hu */,
				D7C1C4DB1FD8471B00FA0551 /* Base */,
			);
			name = Localizable.strings;
			sourceTree = "<group>";
		};
		D7C6F2781FC7163B0032A879 /* Login.storyboard */ = {
			isa = PBXVariantGroup;
			children = (
				D7C6F2791FC7163B0032A879 /* Base */,
				D734C4CD1FD5860100027CDD /* hu */,
			);
			name = Login.storyboard;
			sourceTree = "<group>";
		};
		D7C6F27D1FC7163B0032A879 /* LaunchScreen.storyboard */ = {
			isa = PBXVariantGroup;
			children = (
				D7C6F27E1FC7163B0032A879 /* Base */,
				D734C4D01FD5860200027CDD /* hu */,
			);
			name = LaunchScreen.storyboard;
			sourceTree = "<group>";
		};
		D7D689361FD57EDC00ABB213 /* MessageAlertModal.storyboard */ = {
			isa = PBXVariantGroup;
			children = (
				D7D689371FD57EDC00ABB213 /* Base */,
				D734C4CC1FD5860000027CDD /* hu */,
			);
			name = MessageAlertModal.storyboard;
			sourceTree = "<group>";
		};
		D7D689391FD57EEF00ABB213 /* Targets.storyboard */ = {
			isa = PBXVariantGroup;
			children = (
				D7D6893A1FD57EEF00ABB213 /* Base */,
				D7BF04D51FFE642900465C8C /* hu */,
			);
			name = Targets.storyboard;
			sourceTree = "<group>";
		};
		D7D6893C1FD57EFB00ABB213 /* Profile.storyboard */ = {
			isa = PBXVariantGroup;
			children = (
				D7D6893D1FD57EFB00ABB213 /* Base */,
				D71ACA3B1FF3D35500988370 /* hu */,
			);
			name = Profile.storyboard;
			sourceTree = "<group>";
		};
/* End PBXVariantGroup section */

/* Begin XCBuildConfiguration section */
		D7C6F2971FC7163B0032A879 /* Debug */ = {
			isa = XCBuildConfiguration;
			buildSettings = {
				ALWAYS_SEARCH_USER_PATHS = NO;
				CLANG_ANALYZER_LOCALIZABILITY_NONLOCALIZED = YES;
				CLANG_ANALYZER_NONNULL = YES;
				CLANG_ANALYZER_NUMBER_OBJECT_CONVERSION = YES_AGGRESSIVE;
				CLANG_CXX_LANGUAGE_STANDARD = "gnu++14";
				CLANG_CXX_LIBRARY = "libc++";
				CLANG_ENABLE_MODULES = YES;
				CLANG_ENABLE_OBJC_ARC = YES;
				CLANG_WARN_BLOCK_CAPTURE_AUTORELEASING = YES;
				CLANG_WARN_BOOL_CONVERSION = YES;
				CLANG_WARN_COMMA = YES;
				CLANG_WARN_CONSTANT_CONVERSION = YES;
				CLANG_WARN_DIRECT_OBJC_ISA_USAGE = YES_ERROR;
				CLANG_WARN_DOCUMENTATION_COMMENTS = YES;
				CLANG_WARN_EMPTY_BODY = YES;
				CLANG_WARN_ENUM_CONVERSION = YES;
				CLANG_WARN_INFINITE_RECURSION = YES;
				CLANG_WARN_INT_CONVERSION = YES;
				CLANG_WARN_NON_LITERAL_NULL_CONVERSION = YES;
				CLANG_WARN_OBJC_LITERAL_CONVERSION = YES;
				CLANG_WARN_OBJC_ROOT_CLASS = YES_ERROR;
				CLANG_WARN_RANGE_LOOP_ANALYSIS = YES;
				CLANG_WARN_STRICT_PROTOTYPES = YES;
				CLANG_WARN_SUSPICIOUS_MOVE = YES;
				CLANG_WARN_UNGUARDED_AVAILABILITY = YES_AGGRESSIVE;
				CLANG_WARN_UNREACHABLE_CODE = YES;
				CLANG_WARN__DUPLICATE_METHOD_MATCH = YES;
				CODE_SIGN_IDENTITY = "iPhone Developer";
				COPY_PHASE_STRIP = NO;
				DEBUG_INFORMATION_FORMAT = dwarf;
				ENABLE_STRICT_OBJC_MSGSEND = YES;
				ENABLE_TESTABILITY = YES;
				GCC_C_LANGUAGE_STANDARD = gnu11;
				GCC_DYNAMIC_NO_PIC = NO;
				GCC_NO_COMMON_BLOCKS = YES;
				GCC_OPTIMIZATION_LEVEL = 0;
				GCC_PREPROCESSOR_DEFINITIONS = (
					"DEBUG=1",
					"$(inherited)",
				);
				GCC_WARN_64_TO_32_BIT_CONVERSION = YES;
				GCC_WARN_ABOUT_RETURN_TYPE = YES_ERROR;
				GCC_WARN_UNDECLARED_SELECTOR = YES;
				GCC_WARN_UNINITIALIZED_AUTOS = YES_AGGRESSIVE;
				GCC_WARN_UNUSED_FUNCTION = YES;
				GCC_WARN_UNUSED_VARIABLE = YES;
				IPHONEOS_DEPLOYMENT_TARGET = 11.1;
				MTL_ENABLE_DEBUG_INFO = YES;
				ONLY_ACTIVE_ARCH = YES;
				SDKROOT = iphoneos;
				SWIFT_ACTIVE_COMPILATION_CONDITIONS = DEBUG;
				SWIFT_OPTIMIZATION_LEVEL = "-Onone";
			};
			name = Debug;
		};
		D7C6F2981FC7163B0032A879 /* Release */ = {
			isa = XCBuildConfiguration;
			buildSettings = {
				ALWAYS_SEARCH_USER_PATHS = NO;
				CLANG_ANALYZER_LOCALIZABILITY_NONLOCALIZED = YES;
				CLANG_ANALYZER_NONNULL = YES;
				CLANG_ANALYZER_NUMBER_OBJECT_CONVERSION = YES_AGGRESSIVE;
				CLANG_CXX_LANGUAGE_STANDARD = "gnu++14";
				CLANG_CXX_LIBRARY = "libc++";
				CLANG_ENABLE_MODULES = YES;
				CLANG_ENABLE_OBJC_ARC = YES;
				CLANG_WARN_BLOCK_CAPTURE_AUTORELEASING = YES;
				CLANG_WARN_BOOL_CONVERSION = YES;
				CLANG_WARN_COMMA = YES;
				CLANG_WARN_CONSTANT_CONVERSION = YES;
				CLANG_WARN_DIRECT_OBJC_ISA_USAGE = YES_ERROR;
				CLANG_WARN_DOCUMENTATION_COMMENTS = YES;
				CLANG_WARN_EMPTY_BODY = YES;
				CLANG_WARN_ENUM_CONVERSION = YES;
				CLANG_WARN_INFINITE_RECURSION = YES;
				CLANG_WARN_INT_CONVERSION = YES;
				CLANG_WARN_NON_LITERAL_NULL_CONVERSION = YES;
				CLANG_WARN_OBJC_LITERAL_CONVERSION = YES;
				CLANG_WARN_OBJC_ROOT_CLASS = YES_ERROR;
				CLANG_WARN_RANGE_LOOP_ANALYSIS = YES;
				CLANG_WARN_STRICT_PROTOTYPES = YES;
				CLANG_WARN_SUSPICIOUS_MOVE = YES;
				CLANG_WARN_UNGUARDED_AVAILABILITY = YES_AGGRESSIVE;
				CLANG_WARN_UNREACHABLE_CODE = YES;
				CLANG_WARN__DUPLICATE_METHOD_MATCH = YES;
				CODE_SIGN_IDENTITY = "iPhone Developer";
				COPY_PHASE_STRIP = NO;
				DEBUG_INFORMATION_FORMAT = "dwarf-with-dsym";
				ENABLE_NS_ASSERTIONS = NO;
				ENABLE_STRICT_OBJC_MSGSEND = YES;
				GCC_C_LANGUAGE_STANDARD = gnu11;
				GCC_NO_COMMON_BLOCKS = YES;
				GCC_WARN_64_TO_32_BIT_CONVERSION = YES;
				GCC_WARN_ABOUT_RETURN_TYPE = YES_ERROR;
				GCC_WARN_UNDECLARED_SELECTOR = YES;
				GCC_WARN_UNINITIALIZED_AUTOS = YES_AGGRESSIVE;
				GCC_WARN_UNUSED_FUNCTION = YES;
				GCC_WARN_UNUSED_VARIABLE = YES;
				IPHONEOS_DEPLOYMENT_TARGET = 11.1;
				MTL_ENABLE_DEBUG_INFO = NO;
				SDKROOT = iphoneos;
				SWIFT_OPTIMIZATION_LEVEL = "-Owholemodule";
				VALIDATE_PRODUCT = YES;
			};
			name = Release;
		};
		D7C6F29A1FC7163B0032A879 /* Debug */ = {
			isa = XCBuildConfiguration;
			baseConfigurationReference = 1C124F3E1702D6D04D88750E /* Pods-Rchry.debug.xcconfig */;
			buildSettings = {
				ASSETCATALOG_COMPILER_APPICON_NAME = AppIcon;
				CODE_SIGN_STYLE = Automatic;
				DEVELOPMENT_TEAM = 2XA4EDUMR4;
				INFOPLIST_FILE = "$(SRCROOT)/Rchry/Supporting Files/Info.plist";
				IPHONEOS_DEPLOYMENT_TARGET = 11.0;
				LD_RUNPATH_SEARCH_PATHS = "$(inherited) @executable_path/Frameworks";
				PRODUCT_BUNDLE_IDENTIFIER = com.levente.mathe.Rchry;
				PRODUCT_NAME = "$(TARGET_NAME)";
				SWIFT_VERSION = 4.0;
				TARGETED_DEVICE_FAMILY = "1,2";
			};
			name = Debug;
		};
		D7C6F29B1FC7163B0032A879 /* Release */ = {
			isa = XCBuildConfiguration;
			baseConfigurationReference = 8331675368C4BD72B7D40057 /* Pods-Rchry.release.xcconfig */;
			buildSettings = {
				ASSETCATALOG_COMPILER_APPICON_NAME = AppIcon;
				CODE_SIGN_STYLE = Automatic;
				DEVELOPMENT_TEAM = 2XA4EDUMR4;
				INFOPLIST_FILE = "$(SRCROOT)/Rchry/Supporting Files/Info.plist";
				IPHONEOS_DEPLOYMENT_TARGET = 11.0;
				LD_RUNPATH_SEARCH_PATHS = "$(inherited) @executable_path/Frameworks";
				PRODUCT_BUNDLE_IDENTIFIER = com.levente.mathe.Rchry;
				PRODUCT_NAME = "$(TARGET_NAME)";
				SWIFT_VERSION = 4.0;
				TARGETED_DEVICE_FAMILY = "1,2";
			};
			name = Release;
		};
		D7C6F29D1FC7163B0032A879 /* Debug */ = {
			isa = XCBuildConfiguration;
			baseConfigurationReference = E9C9C42BD3F6C5ED18CE1EF4 /* Pods-RchryTests.debug.xcconfig */;
			buildSettings = {
				BUNDLE_LOADER = "$(TEST_HOST)";
				CLANG_ENABLE_MODULES = YES;
				CODE_SIGN_STYLE = Automatic;
				DEVELOPMENT_TEAM = 2XA4EDUMR4;
				INFOPLIST_FILE = RchryTests/Info.plist;
				LD_RUNPATH_SEARCH_PATHS = "$(inherited) @executable_path/Frameworks @loader_path/Frameworks";
				PRODUCT_BUNDLE_IDENTIFIER = com.levente.mathe.RchryTests;
				PRODUCT_NAME = "$(TARGET_NAME)";
				SWIFT_OPTIMIZATION_LEVEL = "-Onone";
				SWIFT_VERSION = 4.0;
				TARGETED_DEVICE_FAMILY = "1,2";
				TEST_HOST = "$(BUILT_PRODUCTS_DIR)/Rchry.app/Rchry";
			};
			name = Debug;
		};
		D7C6F29E1FC7163B0032A879 /* Release */ = {
			isa = XCBuildConfiguration;
			baseConfigurationReference = C82D1563AD28DBE6B97FCED7 /* Pods-RchryTests.release.xcconfig */;
			buildSettings = {
				BUNDLE_LOADER = "$(TEST_HOST)";
				CLANG_ENABLE_MODULES = YES;
				CODE_SIGN_STYLE = Automatic;
				DEVELOPMENT_TEAM = 2XA4EDUMR4;
				INFOPLIST_FILE = RchryTests/Info.plist;
				LD_RUNPATH_SEARCH_PATHS = "$(inherited) @executable_path/Frameworks @loader_path/Frameworks";
				PRODUCT_BUNDLE_IDENTIFIER = com.levente.mathe.RchryTests;
				PRODUCT_NAME = "$(TARGET_NAME)";
				SWIFT_VERSION = 4.0;
				TARGETED_DEVICE_FAMILY = "1,2";
				TEST_HOST = "$(BUILT_PRODUCTS_DIR)/Rchry.app/Rchry";
			};
			name = Release;
		};
/* End XCBuildConfiguration section */

/* Begin XCConfigurationList section */
		D7C6F26C1FC7163B0032A879 /* Build configuration list for PBXProject "Rchry" */ = {
			isa = XCConfigurationList;
			buildConfigurations = (
				D7C6F2971FC7163B0032A879 /* Debug */,
				D7C6F2981FC7163B0032A879 /* Release */,
			);
			defaultConfigurationIsVisible = 0;
			defaultConfigurationName = Release;
		};
		D7C6F2991FC7163B0032A879 /* Build configuration list for PBXNativeTarget "Rchry" */ = {
			isa = XCConfigurationList;
			buildConfigurations = (
				D7C6F29A1FC7163B0032A879 /* Debug */,
				D7C6F29B1FC7163B0032A879 /* Release */,
			);
			defaultConfigurationIsVisible = 0;
			defaultConfigurationName = Release;
		};
		D7C6F29C1FC7163B0032A879 /* Build configuration list for PBXNativeTarget "RchryTests" */ = {
			isa = XCConfigurationList;
			buildConfigurations = (
				D7C6F29D1FC7163B0032A879 /* Debug */,
				D7C6F29E1FC7163B0032A879 /* Release */,
			);
			defaultConfigurationIsVisible = 0;
			defaultConfigurationName = Release;
		};
/* End XCConfigurationList section */
	};
	rootObject = D7C6F2691FC7163B0032A879 /* Project object */;
}
